// !$*UTF8*$!
{
	archiveVersion = 1;
	classes = {
	};
	objectVersion = 56;
	objects = {

/* Begin PBXBuildFile section */
		D327BC3629B36AD900C620F5 /* AppDelegate.swift in Sources */ = {isa = PBXBuildFile; fileRef = D327BC3529B36AD900C620F5 /* AppDelegate.swift */; };
		D327BC3829B36AD900C620F5 /* SceneDelegate.swift in Sources */ = {isa = PBXBuildFile; fileRef = D327BC3729B36AD900C620F5 /* SceneDelegate.swift */; };
		D327BC3F29B36ADB00C620F5 /* Assets.xcassets in Resources */ = {isa = PBXBuildFile; fileRef = D327BC3E29B36ADB00C620F5 /* Assets.xcassets */; };
		D327BC4229B36ADB00C620F5 /* LaunchScreen.storyboard in Resources */ = {isa = PBXBuildFile; fileRef = D327BC4029B36ADB00C620F5 /* LaunchScreen.storyboard */; };
		D327BC5329B36F0800C620F5 /* Coordinator.swift in Sources */ = {isa = PBXBuildFile; fileRef = D327BC5229B36F0800C620F5 /* Coordinator.swift */; };
		D327BC5529B36F3B00C620F5 /* RootCoordinator.swift in Sources */ = {isa = PBXBuildFile; fileRef = D327BC5429B36F3B00C620F5 /* RootCoordinator.swift */; };
		D327BC5729B36FA800C620F5 /* AuthenticationCoordinator.swift in Sources */ = {isa = PBXBuildFile; fileRef = D327BC5629B36FA800C620F5 /* AuthenticationCoordinator.swift */; };
		D327BC5929B3702100C620F5 /* MainCoordinator.swift in Sources */ = {isa = PBXBuildFile; fileRef = D327BC5829B3702100C620F5 /* MainCoordinator.swift */; };
		D327BC5B29B3705C00C620F5 /* MapCoordinator.swift in Sources */ = {isa = PBXBuildFile; fileRef = D327BC5A29B3705C00C620F5 /* MapCoordinator.swift */; };
		D327BC5D29B3706E00C620F5 /* MapViewModel.swift in Sources */ = {isa = PBXBuildFile; fileRef = D327BC5C29B3706E00C620F5 /* MapViewModel.swift */; };
		D327BC6029B3709D00C620F5 /* MapView.swift in Sources */ = {isa = PBXBuildFile; fileRef = D327BC5F29B3709D00C620F5 /* MapView.swift */; };
		D327BC6229B370CC00C620F5 /* ProfileCoordinator.swift in Sources */ = {isa = PBXBuildFile; fileRef = D327BC6129B370CC00C620F5 /* ProfileCoordinator.swift */; };
		D327BC6529B370F100C620F5 /* ProfileViewModel.swift in Sources */ = {isa = PBXBuildFile; fileRef = D327BC6429B370F100C620F5 /* ProfileViewModel.swift */; };
		D327BC6729B3710500C620F5 /* ProfileView.swift in Sources */ = {isa = PBXBuildFile; fileRef = D327BC6629B3710500C620F5 /* ProfileView.swift */; };
		D327BC6929B3716400C620F5 /* AuthenticationView.swift in Sources */ = {isa = PBXBuildFile; fileRef = D327BC6829B3716400C620F5 /* AuthenticationView.swift */; };
		D327BC6B29B3719300C620F5 /* AuthenticationViewModel.swift in Sources */ = {isa = PBXBuildFile; fileRef = D327BC6A29B3719300C620F5 /* AuthenticationViewModel.swift */; };
		D327BC6D29B3CAC400C620F5 /* GoogleService-Info.plist in Resources */ = {isa = PBXBuildFile; fileRef = D327BC6C29B3CAC300C620F5 /* GoogleService-Info.plist */; };
		D327BC7029B3CB7900C620F5 /* FirebaseAuth in Frameworks */ = {isa = PBXBuildFile; productRef = D327BC6F29B3CB7900C620F5 /* FirebaseAuth */; };
		D327BC7229B3CFF200C620F5 /* RegisterView.swift in Sources */ = {isa = PBXBuildFile; fileRef = D327BC7129B3CFF200C620F5 /* RegisterView.swift */; };
		D327BC7729B3D08500C620F5 /* Color.swift in Sources */ = {isa = PBXBuildFile; fileRef = D327BC7629B3D08500C620F5 /* Color.swift */; };
		D3FC9D7629B4983000383D83 /* LoginView.swift in Sources */ = {isa = PBXBuildFile; fileRef = D3FC9D7529B4983000383D83 /* LoginView.swift */; };
/* End PBXBuildFile section */

/* Begin PBXFileReference section */
		D327BC3229B36AD900C620F5 /* buddy.app */ = {isa = PBXFileReference; explicitFileType = wrapper.application; includeInIndex = 0; path = buddy.app; sourceTree = BUILT_PRODUCTS_DIR; };
		D327BC3529B36AD900C620F5 /* AppDelegate.swift */ = {isa = PBXFileReference; lastKnownFileType = sourcecode.swift; path = AppDelegate.swift; sourceTree = "<group>"; };
		D327BC3729B36AD900C620F5 /* SceneDelegate.swift */ = {isa = PBXFileReference; lastKnownFileType = sourcecode.swift; path = SceneDelegate.swift; sourceTree = "<group>"; };
		D327BC3E29B36ADB00C620F5 /* Assets.xcassets */ = {isa = PBXFileReference; lastKnownFileType = folder.assetcatalog; path = Assets.xcassets; sourceTree = "<group>"; };
		D327BC4129B36ADB00C620F5 /* Base */ = {isa = PBXFileReference; lastKnownFileType = file.storyboard; name = Base; path = Base.lproj/LaunchScreen.storyboard; sourceTree = "<group>"; };
		D327BC4329B36ADB00C620F5 /* Info.plist */ = {isa = PBXFileReference; lastKnownFileType = text.plist.xml; path = Info.plist; sourceTree = "<group>"; };
		D327BC5229B36F0800C620F5 /* Coordinator.swift */ = {isa = PBXFileReference; lastKnownFileType = sourcecode.swift; path = Coordinator.swift; sourceTree = "<group>"; };
		D327BC5429B36F3B00C620F5 /* RootCoordinator.swift */ = {isa = PBXFileReference; lastKnownFileType = sourcecode.swift; path = RootCoordinator.swift; sourceTree = "<group>"; };
		D327BC5629B36FA800C620F5 /* AuthenticationCoordinator.swift */ = {isa = PBXFileReference; lastKnownFileType = sourcecode.swift; path = AuthenticationCoordinator.swift; sourceTree = "<group>"; };
		D327BC5829B3702100C620F5 /* MainCoordinator.swift */ = {isa = PBXFileReference; lastKnownFileType = sourcecode.swift; path = MainCoordinator.swift; sourceTree = "<group>"; };
		D327BC5A29B3705C00C620F5 /* MapCoordinator.swift */ = {isa = PBXFileReference; lastKnownFileType = sourcecode.swift; path = MapCoordinator.swift; sourceTree = "<group>"; };
		D327BC5C29B3706E00C620F5 /* MapViewModel.swift */ = {isa = PBXFileReference; lastKnownFileType = sourcecode.swift; path = MapViewModel.swift; sourceTree = "<group>"; };
		D327BC5F29B3709D00C620F5 /* MapView.swift */ = {isa = PBXFileReference; lastKnownFileType = sourcecode.swift; path = MapView.swift; sourceTree = "<group>"; };
		D327BC6129B370CC00C620F5 /* ProfileCoordinator.swift */ = {isa = PBXFileReference; lastKnownFileType = sourcecode.swift; path = ProfileCoordinator.swift; sourceTree = "<group>"; };
		D327BC6429B370F100C620F5 /* ProfileViewModel.swift */ = {isa = PBXFileReference; lastKnownFileType = sourcecode.swift; path = ProfileViewModel.swift; sourceTree = "<group>"; };
		D327BC6629B3710500C620F5 /* ProfileView.swift */ = {isa = PBXFileReference; lastKnownFileType = sourcecode.swift; path = ProfileView.swift; sourceTree = "<group>"; };
		D327BC6829B3716400C620F5 /* AuthenticationView.swift */ = {isa = PBXFileReference; lastKnownFileType = sourcecode.swift; path = AuthenticationView.swift; sourceTree = "<group>"; };
		D327BC6A29B3719300C620F5 /* AuthenticationViewModel.swift */ = {isa = PBXFileReference; lastKnownFileType = sourcecode.swift; path = AuthenticationViewModel.swift; sourceTree = "<group>"; };
		D327BC6C29B3CAC300C620F5 /* GoogleService-Info.plist */ = {isa = PBXFileReference; fileEncoding = 4; lastKnownFileType = text.plist.xml; path = "GoogleService-Info.plist"; sourceTree = "<group>"; };
		D327BC7129B3CFF200C620F5 /* RegisterView.swift */ = {isa = PBXFileReference; lastKnownFileType = sourcecode.swift; path = RegisterView.swift; sourceTree = "<group>"; };
		D327BC7629B3D08500C620F5 /* Color.swift */ = {isa = PBXFileReference; lastKnownFileType = sourcecode.swift; path = Color.swift; sourceTree = "<group>"; };
		D3FC9D7529B4983000383D83 /* LoginView.swift */ = {isa = PBXFileReference; lastKnownFileType = sourcecode.swift; path = LoginView.swift; sourceTree = "<group>"; };
/* End PBXFileReference section */

/* Begin PBXFrameworksBuildPhase section */
		D327BC2F29B36AD900C620F5 /* Frameworks */ = {
			isa = PBXFrameworksBuildPhase;
			buildActionMask = 2147483647;
			files = (
				D327BC7029B3CB7900C620F5 /* FirebaseAuth in Frameworks */,
			);
			runOnlyForDeploymentPostprocessing = 0;
		};
/* End PBXFrameworksBuildPhase section */

/* Begin PBXGroup section */
		D327BC2929B36AD900C620F5 = {
			isa = PBXGroup;
			children = (
				D327BC3429B36AD900C620F5 /* buddy */,
				D327BC3329B36AD900C620F5 /* Products */,
			);
			sourceTree = "<group>";
		};
		D327BC3329B36AD900C620F5 /* Products */ = {
			isa = PBXGroup;
			children = (
				D327BC3229B36AD900C620F5 /* buddy.app */,
			);
			name = Products;
			sourceTree = "<group>";
		};
		D327BC3429B36AD900C620F5 /* buddy */ = {
			isa = PBXGroup;
			children = (
				D327BC4929B36D7500C620F5 /* UI */,
				D327BC4A29B36D7E00C620F5 /* resources */,
				D327BC3529B36AD900C620F5 /* AppDelegate.swift */,
				D327BC3729B36AD900C620F5 /* SceneDelegate.swift */,
				D327BC4029B36ADB00C620F5 /* LaunchScreen.storyboard */,
				D327BC4329B36ADB00C620F5 /* Info.plist */,
				D327BC6C29B3CAC300C620F5 /* GoogleService-Info.plist */,
			);
			path = buddy;
			sourceTree = "<group>";
		};
		D327BC4929B36D7500C620F5 /* UI */ = {
			isa = PBXGroup;
			children = (
				D327BC5229B36F0800C620F5 /* Coordinator.swift */,
				D327BC5429B36F3B00C620F5 /* RootCoordinator.swift */,
				D327BC4B29B36E7800C620F5 /* authentication */,
				D327BC4C29B36E9200C620F5 /* main */,
			);
			path = UI;
			sourceTree = "<group>";
		};
		D327BC4A29B36D7E00C620F5 /* resources */ = {
			isa = PBXGroup;
			children = (
				D327BC7529B3D07900C620F5 /* colors */,
				D327BC3E29B36ADB00C620F5 /* Assets.xcassets */,
			);
			path = resources;
			sourceTree = "<group>";
		};
		D327BC4B29B36E7800C620F5 /* authentication */ = {
			isa = PBXGroup;
			children = (
				D327BC4D29B36EBA00C620F5 /* view */,
				D327BC6A29B3719300C620F5 /* AuthenticationViewModel.swift */,
				D327BC5629B36FA800C620F5 /* AuthenticationCoordinator.swift */,
				D327BC4F29B36ECF00C620F5 /* register */,
				D327BC4E29B36EC100C620F5 /* login */,
			);
			path = authentication;
			sourceTree = "<group>";
		};
		D327BC4C29B36E9200C620F5 /* main */ = {
			isa = PBXGroup;
			children = (
				D327BC5829B3702100C620F5 /* MainCoordinator.swift */,
				D327BC5129B36EF400C620F5 /* map */,
				D327BC5029B36EEC00C620F5 /* profile */,
			);
			path = main;
			sourceTree = "<group>";
		};
		D327BC4D29B36EBA00C620F5 /* view */ = {
			isa = PBXGroup;
			children = (
				D327BC6829B3716400C620F5 /* AuthenticationView.swift */,
			);
			path = view;
			sourceTree = "<group>";
		};
		D327BC4E29B36EC100C620F5 /* login */ = {
			isa = PBXGroup;
			children = (
				D3FC9D7529B4983000383D83 /* LoginView.swift */,
			);
			path = login;
			sourceTree = "<group>";
		};
		D327BC4F29B36ECF00C620F5 /* register */ = {
			isa = PBXGroup;
			children = (
				D327BC7129B3CFF200C620F5 /* RegisterView.swift */,
			);
			path = register;
			sourceTree = "<group>";
		};
		D327BC5029B36EEC00C620F5 /* profile */ = {
			isa = PBXGroup;
			children = (
				D327BC6329B370DB00C620F5 /* view */,
				D327BC6429B370F100C620F5 /* ProfileViewModel.swift */,
				D327BC6129B370CC00C620F5 /* ProfileCoordinator.swift */,
			);
			path = profile;
			sourceTree = "<group>";
		};
		D327BC5129B36EF400C620F5 /* map */ = {
			isa = PBXGroup;
			children = (
				D327BC5E29B3709300C620F5 /* view */,
				D327BC5C29B3706E00C620F5 /* MapViewModel.swift */,
				D327BC5A29B3705C00C620F5 /* MapCoordinator.swift */,
			);
			path = map;
			sourceTree = "<group>";
		};
		D327BC5E29B3709300C620F5 /* view */ = {
			isa = PBXGroup;
			children = (
				D327BC5F29B3709D00C620F5 /* MapView.swift */,
			);
			path = view;
			sourceTree = "<group>";
		};
		D327BC6329B370DB00C620F5 /* view */ = {
			isa = PBXGroup;
			children = (
				D327BC6629B3710500C620F5 /* ProfileView.swift */,
			);
			path = view;
			sourceTree = "<group>";
		};
		D327BC7529B3D07900C620F5 /* colors */ = {
			isa = PBXGroup;
			children = (
				D327BC7629B3D08500C620F5 /* Color.swift */,
			);
			path = colors;
			sourceTree = "<group>";
		};
/* End PBXGroup section */

/* Begin PBXNativeTarget section */
		D327BC3129B36AD900C620F5 /* buddy */ = {
			isa = PBXNativeTarget;
			buildConfigurationList = D327BC4629B36ADB00C620F5 /* Build configuration list for PBXNativeTarget "buddy" */;
			buildPhases = (
				D327BC2E29B36AD900C620F5 /* Sources */,
				D327BC2F29B36AD900C620F5 /* Frameworks */,
				D327BC3029B36AD900C620F5 /* Resources */,
			);
			buildRules = (
			);
			dependencies = (
			);
			name = buddy;
			packageProductDependencies = (
				D327BC6F29B3CB7900C620F5 /* FirebaseAuth */,
			);
			productName = buddy;
			productReference = D327BC3229B36AD900C620F5 /* buddy.app */;
			productType = "com.apple.product-type.application";
		};
/* End PBXNativeTarget section */

/* Begin PBXProject section */
		D327BC2A29B36AD900C620F5 /* Project object */ = {
			isa = PBXProject;
			attributes = {
				BuildIndependentTargetsInParallel = 1;
				LastSwiftUpdateCheck = 1420;
				LastUpgradeCheck = 1420;
				TargetAttributes = {
					D327BC3129B36AD900C620F5 = {
						CreatedOnToolsVersion = 14.2;
					};
				};
			};
			buildConfigurationList = D327BC2D29B36AD900C620F5 /* Build configuration list for PBXProject "buddy" */;
			compatibilityVersion = "Xcode 14.0";
			developmentRegion = en;
			hasScannedForEncodings = 0;
			knownRegions = (
				en,
				Base,
			);
			mainGroup = D327BC2929B36AD900C620F5;
			packageReferences = (
				D327BC6E29B3CB7900C620F5 /* XCRemoteSwiftPackageReference "firebase-ios-sdk" */,
			);
			productRefGroup = D327BC3329B36AD900C620F5 /* Products */;
			projectDirPath = "";
			projectRoot = "";
			targets = (
				D327BC3129B36AD900C620F5 /* buddy */,
			);
		};
/* End PBXProject section */

/* Begin PBXResourcesBuildPhase section */
		D327BC3029B36AD900C620F5 /* Resources */ = {
			isa = PBXResourcesBuildPhase;
			buildActionMask = 2147483647;
			files = (
				D327BC4229B36ADB00C620F5 /* LaunchScreen.storyboard in Resources */,
				D327BC6D29B3CAC400C620F5 /* GoogleService-Info.plist in Resources */,
				D327BC3F29B36ADB00C620F5 /* Assets.xcassets in Resources */,
			);
			runOnlyForDeploymentPostprocessing = 0;
		};
/* End PBXResourcesBuildPhase section */

/* Begin PBXSourcesBuildPhase section */
		D327BC2E29B36AD900C620F5 /* Sources */ = {
			isa = PBXSourcesBuildPhase;
			buildActionMask = 2147483647;
			files = (
				D327BC5529B36F3B00C620F5 /* RootCoordinator.swift in Sources */,
				D327BC5929B3702100C620F5 /* MainCoordinator.swift in Sources */,
				D327BC6B29B3719300C620F5 /* AuthenticationViewModel.swift in Sources */,
				D327BC5B29B3705C00C620F5 /* MapCoordinator.swift in Sources */,
				D327BC7729B3D08500C620F5 /* Color.swift in Sources */,
				D327BC5729B36FA800C620F5 /* AuthenticationCoordinator.swift in Sources */,
				D327BC6929B3716400C620F5 /* AuthenticationView.swift in Sources */,
				D327BC7229B3CFF200C620F5 /* RegisterView.swift in Sources */,
				D327BC6729B3710500C620F5 /* ProfileView.swift in Sources */,
				D327BC3629B36AD900C620F5 /* AppDelegate.swift in Sources */,
				D327BC3829B36AD900C620F5 /* SceneDelegate.swift in Sources */,
				D327BC5329B36F0800C620F5 /* Coordinator.swift in Sources */,
				D3FC9D7629B4983000383D83 /* LoginView.swift in Sources */,
				D327BC6529B370F100C620F5 /* ProfileViewModel.swift in Sources */,
				D327BC6029B3709D00C620F5 /* MapView.swift in Sources */,
				D327BC6229B370CC00C620F5 /* ProfileCoordinator.swift in Sources */,
				D327BC5D29B3706E00C620F5 /* MapViewModel.swift in Sources */,
			);
			runOnlyForDeploymentPostprocessing = 0;
		};
/* End PBXSourcesBuildPhase section */

/* Begin PBXVariantGroup section */
		D327BC4029B36ADB00C620F5 /* LaunchScreen.storyboard */ = {
			isa = PBXVariantGroup;
			children = (
				D327BC4129B36ADB00C620F5 /* Base */,
			);
			name = LaunchScreen.storyboard;
			sourceTree = "<group>";
		};
/* End PBXVariantGroup section */

/* Begin XCBuildConfiguration section */
		D327BC4429B36ADB00C620F5 /* Debug */ = {
			isa = XCBuildConfiguration;
			buildSettings = {
				ALWAYS_SEARCH_USER_PATHS = NO;
				CLANG_ANALYZER_NONNULL = YES;
				CLANG_ANALYZER_NUMBER_OBJECT_CONVERSION = YES_AGGRESSIVE;
				CLANG_CXX_LANGUAGE_STANDARD = "gnu++20";
				CLANG_ENABLE_MODULES = YES;
				CLANG_ENABLE_OBJC_ARC = YES;
				CLANG_ENABLE_OBJC_WEAK = YES;
				CLANG_WARN_BLOCK_CAPTURE_AUTORELEASING = YES;
				CLANG_WARN_BOOL_CONVERSION = YES;
				CLANG_WARN_COMMA = YES;
				CLANG_WARN_CONSTANT_CONVERSION = YES;
				CLANG_WARN_DEPRECATED_OBJC_IMPLEMENTATIONS = YES;
				CLANG_WARN_DIRECT_OBJC_ISA_USAGE = YES_ERROR;
				CLANG_WARN_DOCUMENTATION_COMMENTS = YES;
				CLANG_WARN_EMPTY_BODY = YES;
				CLANG_WARN_ENUM_CONVERSION = YES;
				CLANG_WARN_INFINITE_RECURSION = YES;
				CLANG_WARN_INT_CONVERSION = YES;
				CLANG_WARN_NON_LITERAL_NULL_CONVERSION = YES;
				CLANG_WARN_OBJC_IMPLICIT_RETAIN_SELF = YES;
				CLANG_WARN_OBJC_LITERAL_CONVERSION = YES;
				CLANG_WARN_OBJC_ROOT_CLASS = YES_ERROR;
				CLANG_WARN_QUOTED_INCLUDE_IN_FRAMEWORK_HEADER = YES;
				CLANG_WARN_RANGE_LOOP_ANALYSIS = YES;
				CLANG_WARN_STRICT_PROTOTYPES = YES;
				CLANG_WARN_SUSPICIOUS_MOVE = YES;
				CLANG_WARN_UNGUARDED_AVAILABILITY = YES_AGGRESSIVE;
				CLANG_WARN_UNREACHABLE_CODE = YES;
				CLANG_WARN__DUPLICATE_METHOD_MATCH = YES;
				COPY_PHASE_STRIP = NO;
				DEBUG_INFORMATION_FORMAT = dwarf;
				ENABLE_PREVIEWS = YES;
				ENABLE_STRICT_OBJC_MSGSEND = YES;
				ENABLE_TESTABILITY = YES;
				GCC_C_LANGUAGE_STANDARD = gnu11;
				GCC_DYNAMIC_NO_PIC = NO;
				GCC_NO_COMMON_BLOCKS = YES;
				GCC_OPTIMIZATION_LEVEL = 0;
				GCC_PREPROCESSOR_DEFINITIONS = (
					"DEBUG=1",
					"$(inherited)",
				);
				GCC_WARN_64_TO_32_BIT_CONVERSION = YES;
				GCC_WARN_ABOUT_RETURN_TYPE = YES_ERROR;
				GCC_WARN_UNDECLARED_SELECTOR = YES;
				GCC_WARN_UNINITIALIZED_AUTOS = YES_AGGRESSIVE;
				GCC_WARN_UNUSED_FUNCTION = YES;
				GCC_WARN_UNUSED_VARIABLE = YES;
				IPHONEOS_DEPLOYMENT_TARGET = 16.2;
				MTL_ENABLE_DEBUG_INFO = INCLUDE_SOURCE;
				MTL_FAST_MATH = YES;
				ONLY_ACTIVE_ARCH = YES;
				SDKROOT = iphoneos;
				SWIFT_ACTIVE_COMPILATION_CONDITIONS = DEBUG;
				SWIFT_OPTIMIZATION_LEVEL = "-Onone";
			};
			name = Debug;
		};
		D327BC4529B36ADB00C620F5 /* Release */ = {
			isa = XCBuildConfiguration;
			buildSettings = {
				ALWAYS_SEARCH_USER_PATHS = NO;
				CLANG_ANALYZER_NONNULL = YES;
				CLANG_ANALYZER_NUMBER_OBJECT_CONVERSION = YES_AGGRESSIVE;
				CLANG_CXX_LANGUAGE_STANDARD = "gnu++20";
				CLANG_ENABLE_MODULES = YES;
				CLANG_ENABLE_OBJC_ARC = YES;
				CLANG_ENABLE_OBJC_WEAK = YES;
				CLANG_WARN_BLOCK_CAPTURE_AUTORELEASING = YES;
				CLANG_WARN_BOOL_CONVERSION = YES;
				CLANG_WARN_COMMA = YES;
				CLANG_WARN_CONSTANT_CONVERSION = YES;
				CLANG_WARN_DEPRECATED_OBJC_IMPLEMENTATIONS = YES;
				CLANG_WARN_DIRECT_OBJC_ISA_USAGE = YES_ERROR;
				CLANG_WARN_DOCUMENTATION_COMMENTS = YES;
				CLANG_WARN_EMPTY_BODY = YES;
				CLANG_WARN_ENUM_CONVERSION = YES;
				CLANG_WARN_INFINITE_RECURSION = YES;
				CLANG_WARN_INT_CONVERSION = YES;
				CLANG_WARN_NON_LITERAL_NULL_CONVERSION = YES;
				CLANG_WARN_OBJC_IMPLICIT_RETAIN_SELF = YES;
				CLANG_WARN_OBJC_LITERAL_CONVERSION = YES;
				CLANG_WARN_OBJC_ROOT_CLASS = YES_ERROR;
				CLANG_WARN_QUOTED_INCLUDE_IN_FRAMEWORK_HEADER = YES;
				CLANG_WARN_RANGE_LOOP_ANALYSIS = YES;
				CLANG_WARN_STRICT_PROTOTYPES = YES;
				CLANG_WARN_SUSPICIOUS_MOVE = YES;
				CLANG_WARN_UNGUARDED_AVAILABILITY = YES_AGGRESSIVE;
				CLANG_WARN_UNREACHABLE_CODE = YES;
				CLANG_WARN__DUPLICATE_METHOD_MATCH = YES;
				COPY_PHASE_STRIP = NO;
				DEBUG_INFORMATION_FORMAT = "dwarf-with-dsym";
				ENABLE_NS_ASSERTIONS = NO;
				ENABLE_PREVIEWS = YES;
				ENABLE_STRICT_OBJC_MSGSEND = YES;
				GCC_C_LANGUAGE_STANDARD = gnu11;
				GCC_NO_COMMON_BLOCKS = YES;
				GCC_WARN_64_TO_32_BIT_CONVERSION = YES;
				GCC_WARN_ABOUT_RETURN_TYPE = YES_ERROR;
				GCC_WARN_UNDECLARED_SELECTOR = YES;
				GCC_WARN_UNINITIALIZED_AUTOS = YES_AGGRESSIVE;
				GCC_WARN_UNUSED_FUNCTION = YES;
				GCC_WARN_UNUSED_VARIABLE = YES;
				IPHONEOS_DEPLOYMENT_TARGET = 16.2;
				MTL_ENABLE_DEBUG_INFO = NO;
				MTL_FAST_MATH = YES;
				SDKROOT = iphoneos;
				SWIFT_COMPILATION_MODE = wholemodule;
				SWIFT_OPTIMIZATION_LEVEL = "-O";
				VALIDATE_PRODUCT = YES;
			};
			name = Release;
		};
		D327BC4729B36ADB00C620F5 /* Debug */ = {
			isa = XCBuildConfiguration;
			buildSettings = {
				ASSETCATALOG_COMPILER_APPICON_NAME = AppIcon;
				ASSETCATALOG_COMPILER_GLOBAL_ACCENT_COLOR_NAME = AccentColor;
				CODE_SIGN_STYLE = Automatic;
				CURRENT_PROJECT_VERSION = 1;
				DEVELOPMENT_TEAM = 4JZ68K34BA;
				ENABLE_PREVIEWS = YES;
				GENERATE_INFOPLIST_FILE = YES;
				INFOPLIST_FILE = buddy/Info.plist;
				INFOPLIST_KEY_UIApplicationSupportsIndirectInputEvents = YES;
				INFOPLIST_KEY_UILaunchStoryboardName = LaunchScreen;
				INFOPLIST_KEY_UISupportedInterfaceOrientations_iPad = "UIInterfaceOrientationPortrait UIInterfaceOrientationPortraitUpsideDown UIInterfaceOrientationLandscapeLeft UIInterfaceOrientationLandscapeRight";
				INFOPLIST_KEY_UISupportedInterfaceOrientations_iPhone = "UIInterfaceOrientationPortrait UIInterfaceOrientationLandscapeLeft UIInterfaceOrientationLandscapeRight";
				LD_RUNPATH_SEARCH_PATHS = (
					"$(inherited)",
					"@executable_path/Frameworks",
				);
				MARKETING_VERSION = 1.0;
				PRODUCT_BUNDLE_IDENTIFIER = com.laurakovacic.buddy;
				PRODUCT_NAME = "$(TARGET_NAME)";
				SWIFT_EMIT_LOC_STRINGS = YES;
				SWIFT_VERSION = 5.0;
				TARGETED_DEVICE_FAMILY = "1,2";
			};
			name = Debug;
		};
		D327BC4829B36ADB00C620F5 /* Release */ = {
			isa = XCBuildConfiguration;
			buildSettings = {
				ASSETCATALOG_COMPILER_APPICON_NAME = AppIcon;
				ASSETCATALOG_COMPILER_GLOBAL_ACCENT_COLOR_NAME = AccentColor;
				CODE_SIGN_STYLE = Automatic;
				CURRENT_PROJECT_VERSION = 1;
				DEVELOPMENT_TEAM = 4JZ68K34BA;
				ENABLE_PREVIEWS = YES;
				GENERATE_INFOPLIST_FILE = YES;
				INFOPLIST_FILE = buddy/Info.plist;
				INFOPLIST_KEY_UIApplicationSupportsIndirectInputEvents = YES;
				INFOPLIST_KEY_UILaunchStoryboardName = LaunchScreen;
				INFOPLIST_KEY_UISupportedInterfaceOrientations_iPad = "UIInterfaceOrientationPortrait UIInterfaceOrientationPortraitUpsideDown UIInterfaceOrientationLandscapeLeft UIInterfaceOrientationLandscapeRight";
				INFOPLIST_KEY_UISupportedInterfaceOrientations_iPhone = "UIInterfaceOrientationPortrait UIInterfaceOrientationLandscapeLeft UIInterfaceOrientationLandscapeRight";
				LD_RUNPATH_SEARCH_PATHS = (
					"$(inherited)",
					"@executable_path/Frameworks",
				);
				MARKETING_VERSION = 1.0;
				PRODUCT_BUNDLE_IDENTIFIER = com.laurakovacic.buddy;
				PRODUCT_NAME = "$(TARGET_NAME)";
				SWIFT_EMIT_LOC_STRINGS = YES;
				SWIFT_VERSION = 5.0;
				TARGETED_DEVICE_FAMILY = "1,2";
			};
			name = Release;
		};
/* End XCBuildConfiguration section */

/* Begin XCConfigurationList section */
		D327BC2D29B36AD900C620F5 /* Build configuration list for PBXProject "buddy" */ = {
			isa = XCConfigurationList;
			buildConfigurations = (
				D327BC4429B36ADB00C620F5 /* Debug */,
				D327BC4529B36ADB00C620F5 /* Release */,
			);
			defaultConfigurationIsVisible = 0;
			defaultConfigurationName = Release;
		};
		D327BC4629B36ADB00C620F5 /* Build configuration list for PBXNativeTarget "buddy" */ = {
			isa = XCConfigurationList;
			buildConfigurations = (
				D327BC4729B36ADB00C620F5 /* Debug */,
				D327BC4829B36ADB00C620F5 /* Release */,
			);
			defaultConfigurationIsVisible = 0;
			defaultConfigurationName = Release;
		};
/* End XCConfigurationList section */

/* Begin XCRemoteSwiftPackageReference section */
		D327BC6E29B3CB7900C620F5 /* XCRemoteSwiftPackageReference "firebase-ios-sdk" */ = {
			isa = XCRemoteSwiftPackageReference;
			repositoryURL = "https://github.com/firebase/firebase-ios-sdk";
			requirement = {
				kind = upToNextMajorVersion;
				minimumVersion = 9.0.0;
			};
		};
/* End XCRemoteSwiftPackageReference section */

/* Begin XCSwiftPackageProductDependency section */
		D327BC6F29B3CB7900C620F5 /* FirebaseAuth */ = {
			isa = XCSwiftPackageProductDependency;
			package = D327BC6E29B3CB7900C620F5 /* XCRemoteSwiftPackageReference "firebase-ios-sdk" */;
			productName = FirebaseAuth;
		};
/* End XCSwiftPackageProductDependency section */
	};
	rootObject = D327BC2A29B36AD900C620F5 /* Project object */;
}
